
Microsoft Visual Studio Solution File, Format Version 12.00
# Visual Studio Version 17
VisualStudioVersion = 17.2.32602.215
MinimumVisualStudioVersion = 10.0.40219.1
Project("{9A19103F-16F7-4668-BE54-9A1E7A4F7556}") = "PrimeNumbers", "PrimeNumbers.csproj", "{7749CB41-CCE9-48FA-B8FC-CEB92239D4C9}"
EndProject
Project("{F184B08F-C81C-45F6-A57F-5ABD9991F28F}") = "PrimeNumbersVB", "..\PrimeNumbersVB\PrimeNumbersVB.vbproj", "{C149026F-0F09-46BD-895F-A72064483EC2}"
EndProject
Global
	GlobalSection(SolutionConfigurationPlatforms) = preSolution
		Debug|Any CPU = Debug|Any CPU
		Release|Any CPU = Release|Any CPU
	EndGlobalSection
	GlobalSection(ProjectConfigurationPlatforms) = postSolution
		{7749CB41-CCE9-48FA-B8FC-CEB92239D4C9}.Debug|Any CPU.ActiveCfg = Debug|Any CPU
		{7749CB41-CCE9-48FA-B8FC-CEB92239D4C9}.Debug|Any CPU.Build.0 = Debug|Any CPU
		{7749CB41-CCE9-48FA-B8FC-CEB92239D4C9}.Release|Any CPU.ActiveCfg = Release|Any CPU
		{7749CB41-CCE9-48FA-B8FC-CEB92239D4C9}.Release|Any CPU.Build.0 = Release|Any CPU
		{C149026F-0F09-46BD-895F-A72064483EC2}.Debug|Any CPU.ActiveCfg = Debug|Any CPU
		{C149026F-0F09-46BD-895F-A72064483EC2}.Debug|Any CPU.Build.0 = Debug|Any CPU
		{C149026F-0F09-46BD-895F-A72064483EC2}.Release|Any CPU.ActiveCfg = Release|Any CPU
		{C149026F-0F09-46BD-895F-A72064483EC2}.Release|Any CPU.Build.0 = Release|Any CPU
	EndGlobalSection
	GlobalSection(SolutionProperties) = preSolution
		HideSolutionNode = FALSE
	EndGlobalSection
	GlobalSection(ExtensibilityGlobals) = postSolution
		SolutionGuid = {0728EDB4-1B53-486F-99E3-615C15794C18}
	EndGlobalSection
EndGlobal
