
Microsoft Visual Studio Solution File, Format Version 12.00
# Visual Studio Version 17
VisualStudioVersion = 17.3.32922.545
MinimumVisualStudioVersion = 10.0.40219.1
Project("{FAE04EC0-301F-11D3-BF4B-00C04F79EFBC}") = "CompileServer", "CompileServer.csproj", "{3A727984-5D93-44FA-9202-44FFEE438939}"
EndProject
Global
	GlobalSection(SolutionConfigurationPlatforms) = preSolution
		Debug|Any CPU = Debug|Any CPU
		Release|Any CPU = Release|Any CPU
	EndGlobalSection
	GlobalSection(ProjectConfigurationPlatforms) = postSolution
		{3A727984-5D93-44FA-9202-44FFEE438939}.Debug|Any CPU.ActiveCfg = Debug|Any CPU
		{3A727984-5D93-44FA-9202-44FFEE438939}.Debug|Any CPU.Build.0 = Debug|Any CPU
		{3A727984-5D93-44FA-9202-44FFEE438939}.Release|Any CPU.ActiveCfg = Release|Any CPU
		{3A727984-5D93-44FA-9202-44FFEE438939}.Release|Any CPU.Build.0 = Release|Any CPU
	EndGlobalSection
	GlobalSection(SolutionProperties) = preSolution
		HideSolutionNode = FALSE
	EndGlobalSection
	GlobalSection(ExtensibilityGlobals) = postSolution
		SolutionGuid = {83DB2700-64DB-47BF-8C3D-BA11F7CE11C6}
	EndGlobalSection
EndGlobal
