
Microsoft Visual Studio Solution File, Format Version 12.00
# Visual Studio Version 17
VisualStudioVersion = 17.2.32602.215
MinimumVisualStudioVersion = 10.0.40219.1
Project("{FAE04EC0-301F-11D3-BF4B-00C04F79EFBC}") = "Ciphers", "Ciphers\Ciphers.csproj", "{9C5D581A-223F-4A8C-990C-EB02B99CC2E9}"
EndProject
Global
	GlobalSection(SolutionConfigurationPlatforms) = preSolution
		Debug|Any CPU = Debug|Any CPU
		Release|Any CPU = Release|Any CPU
	EndGlobalSection
	GlobalSection(ProjectConfigurationPlatforms) = postSolution
		{9C5D581A-223F-4A8C-990C-EB02B99CC2E9}.Debug|Any CPU.ActiveCfg = Debug|Any CPU
		{9C5D581A-223F-4A8C-990C-EB02B99CC2E9}.Debug|Any CPU.Build.0 = Debug|Any CPU
		{9C5D581A-223F-4A8C-990C-EB02B99CC2E9}.Release|Any CPU.ActiveCfg = Release|Any CPU
		{9C5D581A-223F-4A8C-990C-EB02B99CC2E9}.Release|Any CPU.Build.0 = Release|Any CPU
	EndGlobalSection
	GlobalSection(SolutionProperties) = preSolution
		HideSolutionNode = FALSE
	EndGlobalSection
	GlobalSection(ExtensibilityGlobals) = postSolution
		SolutionGuid = {EC1A5C03-6F66-4AEA-BC94-0905F8509F06}
	EndGlobalSection
EndGlobal
