
Microsoft Visual Studio Solution File, Format Version 12.00
# Visual Studio Version 17
VisualStudioVersion = 17.2.32602.215
MinimumVisualStudioVersion = 10.0.40219.1
Project("{2150E333-8FDC-42A3-9474-1A3956D46DE8}") = ".nuget", ".nuget", "{5BBA91B2-8F10-4606-92A6-5D626658365B}"
	ProjectSection(SolutionItems) = preProject
		..\..\.nuget\packages.config = ..\..\.nuget\packages.config
	EndProjectSection
EndProject
Project("{2150E333-8FDC-42A3-9474-1A3956D46DE8}") = ".build", ".build", "{736F4309-4D92-4EE2-8C0B-5CA5ECED0FAA}"
	ProjectSection(SolutionItems) = preProject
		..\..\Build.proj = ..\..\Build.proj
		..\..\.build\MSBuild.Community.Tasks.dll = ..\..\.build\MSBuild.Community.Tasks.dll
		..\..\.build\MSBuild.Community.Tasks.targets = ..\..\.build\MSBuild.Community.Tasks.targets
	EndProjectSection
EndProject
Project("{9A19103F-16F7-4668-BE54-9A1E7A4F7556}") = "Model", "Administration.Model\Model.csproj", "{D67280EB-A1FA-459F-82DA-0F53C0FF4CBF}"
EndProject
Project("{9A19103F-16F7-4668-BE54-9A1E7A4F7556}") = "Server", "Administration.Server\Server.csproj", "{799236CD-FE75-4A10-A0E4-708354C7CF37}"
EndProject
Project("{9A19103F-16F7-4668-BE54-9A1E7A4F7556}") = "Test", "Administration.Test\Test.csproj", "{46DA5D6D-EB94-415D-AB9D-F491ACCFC8A3}"
EndProject
Project("{FAE04EC0-301F-11D3-BF4B-00C04F79EFBC}") = "Migration", "Migration\Migration.csproj", "{BCF94DB9-1843-48C5-A485-66D603F50662}"
EndProject
Global
	GlobalSection(SolutionConfigurationPlatforms) = preSolution
		Debug|Any CPU = Debug|Any CPU
		Release|Any CPU = Release|Any CPU
	EndGlobalSection
	GlobalSection(ProjectConfigurationPlatforms) = postSolution
		{D67280EB-A1FA-459F-82DA-0F53C0FF4CBF}.Debug|Any CPU.ActiveCfg = Debug|Any CPU
		{D67280EB-A1FA-459F-82DA-0F53C0FF4CBF}.Debug|Any CPU.Build.0 = Debug|Any CPU
		{D67280EB-A1FA-459F-82DA-0F53C0FF4CBF}.Release|Any CPU.ActiveCfg = Release|Any CPU
		{D67280EB-A1FA-459F-82DA-0F53C0FF4CBF}.Release|Any CPU.Build.0 = Release|Any CPU
		{799236CD-FE75-4A10-A0E4-708354C7CF37}.Debug|Any CPU.ActiveCfg = Debug|Any CPU
		{799236CD-FE75-4A10-A0E4-708354C7CF37}.Debug|Any CPU.Build.0 = Debug|Any CPU
		{799236CD-FE75-4A10-A0E4-708354C7CF37}.Release|Any CPU.ActiveCfg = Release|Any CPU
		{799236CD-FE75-4A10-A0E4-708354C7CF37}.Release|Any CPU.Build.0 = Release|Any CPU
		{46DA5D6D-EB94-415D-AB9D-F491ACCFC8A3}.Debug|Any CPU.ActiveCfg = Debug|Any CPU
		{46DA5D6D-EB94-415D-AB9D-F491ACCFC8A3}.Debug|Any CPU.Build.0 = Debug|Any CPU
		{46DA5D6D-EB94-415D-AB9D-F491ACCFC8A3}.Release|Any CPU.ActiveCfg = Release|Any CPU
		{46DA5D6D-EB94-415D-AB9D-F491ACCFC8A3}.Release|Any CPU.Build.0 = Release|Any CPU
		{BCF94DB9-1843-48C5-A485-66D603F50662}.Debug|Any CPU.ActiveCfg = Debug|Any CPU
		{BCF94DB9-1843-48C5-A485-66D603F50662}.Debug|Any CPU.Build.0 = Debug|Any CPU
		{BCF94DB9-1843-48C5-A485-66D603F50662}.Release|Any CPU.ActiveCfg = Release|Any CPU
		{BCF94DB9-1843-48C5-A485-66D603F50662}.Release|Any CPU.Build.0 = Release|Any CPU
	EndGlobalSection
	GlobalSection(SolutionProperties) = preSolution
		HideSolutionNode = FALSE
	EndGlobalSection
	GlobalSection(ExtensibilityGlobals) = postSolution
		SolutionGuid = {6179DB09-D66C-4542-BEED-916B8B45F629}
	EndGlobalSection
EndGlobal
