
Microsoft Visual Studio Solution File, Format Version 12.00
# Visual Studio Version 17
VisualStudioVersion = 17.2.32602.215
MinimumVisualStudioVersion = 10.0.40219.1
Project("{9A19103F-16F7-4668-BE54-9A1E7A4F7556}") = "CSharp", "CSharp\CSharp.csproj", "{8D61DEC4-EC03-4FE9-8424-F5D3C239B6B7}"
EndProject
Project("{888888A0-9F3D-457C-B088-3A5042F75D52}") = "PythonApplication1", "Python\PythonApplication1.pyproj", "{3753DC14-23ED-4476-8129-0EDDCCCE66F4}"
EndProject
Global
	GlobalSection(SolutionConfigurationPlatforms) = preSolution
		Debug|Any CPU = Debug|Any CPU
		Release|Any CPU = Release|Any CPU
	EndGlobalSection
	GlobalSection(ProjectConfigurationPlatforms) = postSolution
		{8D61DEC4-EC03-4FE9-8424-F5D3C239B6B7}.Debug|Any CPU.ActiveCfg = Debug|Any CPU
		{8D61DEC4-EC03-4FE9-8424-F5D3C239B6B7}.Debug|Any CPU.Build.0 = Debug|Any CPU
		{8D61DEC4-EC03-4FE9-8424-F5D3C239B6B7}.Release|Any CPU.ActiveCfg = Release|Any CPU
		{8D61DEC4-EC03-4FE9-8424-F5D3C239B6B7}.Release|Any CPU.Build.0 = Release|Any CPU
		{3753DC14-23ED-4476-8129-0EDDCCCE66F4}.Debug|Any CPU.ActiveCfg = Debug|Any CPU
		{3753DC14-23ED-4476-8129-0EDDCCCE66F4}.Release|Any CPU.ActiveCfg = Release|Any CPU
	EndGlobalSection
	GlobalSection(SolutionProperties) = preSolution
		HideSolutionNode = FALSE
	EndGlobalSection
	GlobalSection(ExtensibilityGlobals) = postSolution
		SolutionGuid = {79BDCB33-78A9-4B8B-9CA2-AF1E18B96B2F}
	EndGlobalSection
EndGlobal
